
Microsoft Visual Studio Solution File, Format Version 12.00
# Visual Studio Version 17
VisualStudioVersion = 17.11.35303.130
MinimumVisualStudioVersion = 10.0.40219.1
Project("{FAE04EC0-301F-11D3-BF4B-00C04F79EFBC}") = "oop-2024-09-30-001", "oop-2024-09-30-001.csproj", "{87E2EFF1-6964-409D-B9AA-3AC82E7253A6}"
EndProject
Global
	GlobalSection(SolutionConfigurationPlatforms) = preSolution
		Debug|Any CPU = Debug|Any CPU
		Release|Any CPU = Release|Any CPU
	EndGlobalSection
	GlobalSection(ProjectConfigurationPlatforms) = postSolution
		{87E2EFF1-6964-409D-B9AA-3AC82E7253A6}.Debug|Any CPU.ActiveCfg = Debug|Any CPU
		{87E2EFF1-6964-409D-B9AA-3AC82E7253A6}.Debug|Any CPU.Build.0 = Debug|Any CPU
		{87E2EFF1-6964-409D-B9AA-3AC82E7253A6}.Release|Any CPU.ActiveCfg = Release|Any CPU
		{87E2EFF1-6964-409D-B9AA-3AC82E7253A6}.Release|Any CPU.Build.0 = Release|Any CPU
	EndGlobalSection
	GlobalSection(SolutionProperties) = preSolution
		HideSolutionNode = FALSE
	EndGlobalSection
	GlobalSection(ExtensibilityGlobals) = postSolution
		SolutionGuid = {03858976-891F-4467-8143-A1453FEDCB3B}
	EndGlobalSection
EndGlobal
